// !$*UTF8*$!
{
	archiveVersion = 1;
	classes = {
	};
	objectVersion = 50;
	objects = {

/* Begin PBXBuildFile section */
		279B0AE47ACF73195E96726A /* Pods_sandbox.framework in Frameworks */ = {isa = PBXBuildFile; fileRef = 16EF68736EAFF418D17CB8B5 /* Pods_sandbox.framework */; settings = {ATTRIBUTES = (Required, ); }; };
		4B3FFA4D212A9BEA005E8AE3 /* AppDelegate.swift in Sources */ = {isa = PBXBuildFile; fileRef = 4B3FFA4C212A9BEA005E8AE3 /* AppDelegate.swift */; };
		4B3FFA4F212A9BEA005E8AE3 /* NativeViewController.swift in Sources */ = {isa = PBXBuildFile; fileRef = 4B3FFA4E212A9BEA005E8AE3 /* NativeViewController.swift */; };
		4B3FFA52212A9BEA005E8AE3 /* Main.storyboard in Resources */ = {isa = PBXBuildFile; fileRef = 4B3FFA50212A9BEA005E8AE3 /* Main.storyboard */; };
		4B3FFA54212A9BEB005E8AE3 /* Assets.xcassets in Resources */ = {isa = PBXBuildFile; fileRef = 4B3FFA53212A9BEB005E8AE3 /* Assets.xcassets */; };
		4B3FFA57212A9BEB005E8AE3 /* LaunchScreen.storyboard in Resources */ = {isa = PBXBuildFile; fileRef = 4B3FFA55212A9BEB005E8AE3 /* LaunchScreen.storyboard */; };
		4B3FFA5F212A9F68005E8AE3 /* BannerViewController.swift in Sources */ = {isa = PBXBuildFile; fileRef = 4B3FFA5E212A9F68005E8AE3 /* BannerViewController.swift */; };
		4B3FFA61212A9FAA005E8AE3 /* RewardedViewController.swift in Sources */ = {isa = PBXBuildFile; fileRef = 4B3FFA60212A9FAA005E8AE3 /* RewardedViewController.swift */; };
/* End PBXBuildFile section */

/* Begin PBXFileReference section */
		0D96837C82BFF7BE1962A6FB /* Pods-sandbox.debug.xcconfig */ = {isa = PBXFileReference; includeInIndex = 1; lastKnownFileType = text.xcconfig; name = "Pods-sandbox.debug.xcconfig"; path = "Pods/Target Support Files/Pods-sandbox/Pods-sandbox.debug.xcconfig"; sourceTree = "<group>"; };
		16EF68736EAFF418D17CB8B5 /* Pods_sandbox.framework */ = {isa = PBXFileReference; explicitFileType = wrapper.framework; includeInIndex = 0; path = Pods_sandbox.framework; sourceTree = BUILT_PRODUCTS_DIR; };
		4B3FFA49212A9BEA005E8AE3 /* sandbox.app */ = {isa = PBXFileReference; explicitFileType = wrapper.application; includeInIndex = 0; path = sandbox.app; sourceTree = BUILT_PRODUCTS_DIR; };
		4B3FFA4C212A9BEA005E8AE3 /* AppDelegate.swift */ = {isa = PBXFileReference; lastKnownFileType = sourcecode.swift; path = AppDelegate.swift; sourceTree = "<group>"; };
		4B3FFA4E212A9BEA005E8AE3 /* NativeViewController.swift */ = {isa = PBXFileReference; lastKnownFileType = sourcecode.swift; path = NativeViewController.swift; sourceTree = "<group>"; };
		4B3FFA51212A9BEA005E8AE3 /* Base */ = {isa = PBXFileReference; lastKnownFileType = file.storyboard; name = Base; path = Base.lproj/Main.storyboard; sourceTree = "<group>"; };
		4B3FFA53212A9BEB005E8AE3 /* Assets.xcassets */ = {isa = PBXFileReference; lastKnownFileType = folder.assetcatalog; path = Assets.xcassets; sourceTree = "<group>"; };
		4B3FFA56212A9BEB005E8AE3 /* Base */ = {isa = PBXFileReference; lastKnownFileType = file.storyboard; name = Base; path = Base.lproj/LaunchScreen.storyboard; sourceTree = "<group>"; };
		4B3FFA58212A9BEB005E8AE3 /* Info.plist */ = {isa = PBXFileReference; lastKnownFileType = text.plist.xml; path = Info.plist; sourceTree = "<group>"; };
		4B3FFA5E212A9F68005E8AE3 /* BannerViewController.swift */ = {isa = PBXFileReference; lastKnownFileType = sourcecode.swift; path = BannerViewController.swift; sourceTree = "<group>"; };
		4B3FFA60212A9FAA005E8AE3 /* RewardedViewController.swift */ = {isa = PBXFileReference; lastKnownFileType = sourcecode.swift; path = RewardedViewController.swift; sourceTree = "<group>"; };
		DF190A3C88AE0D679BE6AEA6 /* Pods-sandbox.release.xcconfig */ = {isa = PBXFileReference; includeInIndex = 1; lastKnownFileType = text.xcconfig; name = "Pods-sandbox.release.xcconfig"; path = "Pods/Target Support Files/Pods-sandbox/Pods-sandbox.release.xcconfig"; sourceTree = "<group>"; };
/* End PBXFileReference section */

/* Begin PBXFrameworksBuildPhase section */
		4B3FFA46212A9BEA005E8AE3 /* Frameworks */ = {
			isa = PBXFrameworksBuildPhase;
			buildActionMask = 2147483647;
			files = (
				279B0AE47ACF73195E96726A /* Pods_sandbox.framework in Frameworks */,
			);
			runOnlyForDeploymentPostprocessing = 0;
		};
/* End PBXFrameworksBuildPhase section */

/* Begin PBXGroup section */
		4B148FE1212BFC4E00DAA9C1 /* Bottom Banner */ = {
			isa = PBXGroup;
			children = (
				4B3FFA4E212A9BEA005E8AE3 /* NativeViewController.swift */,
			);
			path = "Bottom Banner";
			sourceTree = "<group>";
		};
		4B148FE2212BFC5D00DAA9C1 /* Top Banner */ = {
			isa = PBXGroup;
			children = (
				4B3FFA5E212A9F68005E8AE3 /* BannerViewController.swift */,
			);
			path = "Top Banner";
			sourceTree = "<group>";
		};
		4B148FE3212BFC6300DAA9C1 /* Rewarded */ = {
			isa = PBXGroup;
			children = (
				4B3FFA60212A9FAA005E8AE3 /* RewardedViewController.swift */,
			);
			path = Rewarded;
			sourceTree = "<group>";
		};
		4B3FFA40212A9BEA005E8AE3 = {
			isa = PBXGroup;
			children = (
				4B3FFA4B212A9BEA005E8AE3 /* sandbox */,
				4B3FFA4A212A9BEA005E8AE3 /* Products */,
				81A29A37A95D2BC9A1DF5AF0 /* Pods */,
				A00150090C83D8E2E39BA2B3 /* Frameworks */,
			);
			sourceTree = "<group>";
		};
		4B3FFA4A212A9BEA005E8AE3 /* Products */ = {
			isa = PBXGroup;
			children = (
				4B3FFA49212A9BEA005E8AE3 /* sandbox.app */,
			);
			name = Products;
			sourceTree = "<group>";
		};
		4B3FFA4B212A9BEA005E8AE3 /* sandbox */ = {
			isa = PBXGroup;
			children = (
				4B148FE1212BFC4E00DAA9C1 /* Bottom Banner */,
				4B148FE2212BFC5D00DAA9C1 /* Top Banner */,
				4B148FE3212BFC6300DAA9C1 /* Rewarded */,
				4B3FFA50212A9BEA005E8AE3 /* Main.storyboard */,
				4B3FFA53212A9BEB005E8AE3 /* Assets.xcassets */,
				4B3FFA4C212A9BEA005E8AE3 /* AppDelegate.swift */,
				4B3FFA55212A9BEB005E8AE3 /* LaunchScreen.storyboard */,
				4B3FFA58212A9BEB005E8AE3 /* Info.plist */,
			);
			path = sandbox;
			sourceTree = "<group>";
		};
		81A29A37A95D2BC9A1DF5AF0 /* Pods */ = {
			isa = PBXGroup;
			children = (
				0D96837C82BFF7BE1962A6FB /* Pods-sandbox.debug.xcconfig */,
				DF190A3C88AE0D679BE6AEA6 /* Pods-sandbox.release.xcconfig */,
			);
			name = Pods;
			sourceTree = "<group>";
		};
		A00150090C83D8E2E39BA2B3 /* Frameworks */ = {
			isa = PBXGroup;
			children = (
				16EF68736EAFF418D17CB8B5 /* Pods_sandbox.framework */,
			);
			name = Frameworks;
			sourceTree = "<group>";
		};
/* End PBXGroup section */

/* Begin PBXNativeTarget section */
		4B3FFA48212A9BEA005E8AE3 /* sandbox */ = {
			isa = PBXNativeTarget;
			buildConfigurationList = 4B3FFA5B212A9BEB005E8AE3 /* Build configuration list for PBXNativeTarget "sandbox" */;
			buildPhases = (
				9E04D53EF0FC76C878F93FAF /* [CP] Check Pods Manifest.lock */,
				4B3FFA45212A9BEA005E8AE3 /* Sources */,
				4B3FFA46212A9BEA005E8AE3 /* Frameworks */,
				4B3FFA47212A9BEA005E8AE3 /* Resources */,
				38E1DFA24D1E8BF117D0AA5F /* [CP] Copy Pods Resources */,
			);
			buildRules = (
			);
			dependencies = (
			);
			name = sandbox;
			productName = sandbox;
			productReference = 4B3FFA49212A9BEA005E8AE3 /* sandbox.app */;
			productType = "com.apple.product-type.application";
		};
/* End PBXNativeTarget section */

/* Begin PBXProject section */
		4B3FFA41212A9BEA005E8AE3 /* Project object */ = {
			isa = PBXProject;
			attributes = {
				LastSwiftUpdateCheck = 0940;
				LastUpgradeCheck = 0940;
				ORGANIZATIONNAME = "Darya Kuliashova";
				TargetAttributes = {
					4B3FFA48212A9BEA005E8AE3 = {
						CreatedOnToolsVersion = 9.4.1;
					};
				};
			};
			buildConfigurationList = 4B3FFA44212A9BEA005E8AE3 /* Build configuration list for PBXProject "sandbox" */;
			compatibilityVersion = "Xcode 9.3";
			developmentRegion = en;
			hasScannedForEncodings = 0;
			knownRegions = (
				en,
				Base,
			);
			mainGroup = 4B3FFA40212A9BEA005E8AE3;
			productRefGroup = 4B3FFA4A212A9BEA005E8AE3 /* Products */;
			projectDirPath = "";
			projectRoot = "";
			targets = (
				4B3FFA48212A9BEA005E8AE3 /* sandbox */,
			);
		};
/* End PBXProject section */

/* Begin PBXResourcesBuildPhase section */
		4B3FFA47212A9BEA005E8AE3 /* Resources */ = {
			isa = PBXResourcesBuildPhase;
			buildActionMask = 2147483647;
			files = (
				4B3FFA57212A9BEB005E8AE3 /* LaunchScreen.storyboard in Resources */,
				4B3FFA54212A9BEB005E8AE3 /* Assets.xcassets in Resources */,
				4B3FFA52212A9BEA005E8AE3 /* Main.storyboard in Resources */,
			);
			runOnlyForDeploymentPostprocessing = 0;
		};
/* End PBXResourcesBuildPhase section */

/* Begin PBXShellScriptBuildPhase section */
		38E1DFA24D1E8BF117D0AA5F /* [CP] Copy Pods Resources */ = {
			isa = PBXShellScriptBuildPhase;
			buildActionMask = 2147483647;
			files = (
			);
			inputPaths = (
				"${SRCROOT}/Pods/Target Support Files/Pods-sandbox/Pods-sandbox-resources.sh",
				"${PODS_ROOT}/Appodeal/Appodeal.bundle",
				"${PODS_ROOT}/Appodeal/APDStartAppAdapter.embeddedframework/Resources/StartApp.bundle",
				"${PODS_ROOT}/Appodeal/APDTapjoyAdapter.embeddedframework/Resources/TapjoyResources.bundle",
				"${PODS_ROOT}/Appodeal/APDTwitterMoPubAdapter.embeddedframework/Resources/MPAdBrowserController.xib",
				"${PODS_ROOT}/Appodeal/APDTwitterMoPubAdapter.embeddedframework/Resources/MPCloseBtn.png",
				"${PODS_ROOT}/Appodeal/APDTwitterMoPubAdapter.embeddedframework/Resources/MPCloseBtn@2x.png",
				"${PODS_ROOT}/Appodeal/APDTwitterMoPubAdapter.embeddedframework/Resources/MPCloseBtn@3x.png",
				"${PODS_ROOT}/Appodeal/APDTwitterMoPubAdapter.embeddedframework/Resources/MPCloseButtonX.png",
				"${PODS_ROOT}/Appodeal/APDTwitterMoPubAdapter.embeddedframework/Resources/MPCloseButtonX@2x.png",
				"${PODS_ROOT}/Appodeal/APDTwitterMoPubAdapter.embeddedframework/Resources/MPCloseButtonX@3x.png",
				"${PODS_ROOT}/Appodeal/APDTwitterMoPubAdapter.embeddedframework/Resources/MPDAAIcon.png",
				"${PODS_ROOT}/Appodeal/APDTwitterMoPubAdapter.embeddedframework/Resources/MPDAAIcon@2x.png",
				"${PODS_ROOT}/Appodeal/APDTwitterMoPubAdapter.embeddedframework/Resources/MPDAAIcon@3x.png",
				"${PODS_ROOT}/Appodeal/APDTwitterMoPubAdapter.embeddedframework/Resources/MPMutedBtn.png",
				"${PODS_ROOT}/Appodeal/APDTwitterMoPubAdapter.embeddedframework/Resources/MPMutedBtn@2x.png",
				"${PODS_ROOT}/Appodeal/APDTwitterMoPubAdapter.embeddedframework/Resources/MPMutedBtn@3x.png",
				"${PODS_ROOT}/Appodeal/APDTwitterMoPubAdapter.embeddedframework/Resources/MPPlayBtn.png",
				"${PODS_ROOT}/Appodeal/APDTwitterMoPubAdapter.embeddedframework/Resources/MPPlayBtn@2x.png",
				"${PODS_ROOT}/Appodeal/APDTwitterMoPubAdapter.embeddedframework/Resources/MPPlayBtn@3x.png",
				"${PODS_ROOT}/Appodeal/APDTwitterMoPubAdapter.embeddedframework/Resources/MPUnmutedBtn.png",
				"${PODS_ROOT}/Appodeal/APDTwitterMoPubAdapter.embeddedframework/Resources/MPUnmutedBtn@2x.png",
				"${PODS_ROOT}/Appodeal/APDTwitterMoPubAdapter.embeddedframework/Resources/MPUnmutedBtn@3x.png",
				"${PODS_ROOT}/Appodeal/APDTwitterMoPubAdapter.embeddedframework/Resources/MRAID.bundle",
			);
			name = "[CP] Copy Pods Resources";
			outputPaths = (
				"${TARGET_BUILD_DIR}/${UNLOCALIZED_RESOURCES_FOLDER_PATH}/Appodeal.bundle",
				"${TARGET_BUILD_DIR}/${UNLOCALIZED_RESOURCES_FOLDER_PATH}/StartApp.bundle",
				"${TARGET_BUILD_DIR}/${UNLOCALIZED_RESOURCES_FOLDER_PATH}/TapjoyResources.bundle",
				"${TARGET_BUILD_DIR}/${UNLOCALIZED_RESOURCES_FOLDER_PATH}/MPAdBrowserController.nib",
				"${TARGET_BUILD_DIR}/${UNLOCALIZED_RESOURCES_FOLDER_PATH}/MPCloseBtn.png",
				"${TARGET_BUILD_DIR}/${UNLOCALIZED_RESOURCES_FOLDER_PATH}/MPCloseBtn@2x.png",
				"${TARGET_BUILD_DIR}/${UNLOCALIZED_RESOURCES_FOLDER_PATH}/MPCloseBtn@3x.png",
				"${TARGET_BUILD_DIR}/${UNLOCALIZED_RESOURCES_FOLDER_PATH}/MPCloseButtonX.png",
				"${TARGET_BUILD_DIR}/${UNLOCALIZED_RESOURCES_FOLDER_PATH}/MPCloseButtonX@2x.png",
				"${TARGET_BUILD_DIR}/${UNLOCALIZED_RESOURCES_FOLDER_PATH}/MPCloseButtonX@3x.png",
				"${TARGET_BUILD_DIR}/${UNLOCALIZED_RESOURCES_FOLDER_PATH}/MPDAAIcon.png",
				"${TARGET_BUILD_DIR}/${UNLOCALIZED_RESOURCES_FOLDER_PATH}/MPDAAIcon@2x.png",
				"${TARGET_BUILD_DIR}/${UNLOCALIZED_RESOURCES_FOLDER_PATH}/MPDAAIcon@3x.png",
				"${TARGET_BUILD_DIR}/${UNLOCALIZED_RESOURCES_FOLDER_PATH}/MPMutedBtn.png",
				"${TARGET_BUILD_DIR}/${UNLOCALIZED_RESOURCES_FOLDER_PATH}/MPMutedBtn@2x.png",
				"${TARGET_BUILD_DIR}/${UNLOCALIZED_RESOURCES_FOLDER_PATH}/MPMutedBtn@3x.png",
				"${TARGET_BUILD_DIR}/${UNLOCALIZED_RESOURCES_FOLDER_PATH}/MPPlayBtn.png",
				"${TARGET_BUILD_DIR}/${UNLOCALIZED_RESOURCES_FOLDER_PATH}/MPPlayBtn@2x.png",
				"${TARGET_BUILD_DIR}/${UNLOCALIZED_RESOURCES_FOLDER_PATH}/MPPlayBtn@3x.png",
				"${TARGET_BUILD_DIR}/${UNLOCALIZED_RESOURCES_FOLDER_PATH}/MPUnmutedBtn.png",
				"${TARGET_BUILD_DIR}/${UNLOCALIZED_RESOURCES_FOLDER_PATH}/MPUnmutedBtn@2x.png",
				"${TARGET_BUILD_DIR}/${UNLOCALIZED_RESOURCES_FOLDER_PATH}/MPUnmutedBtn@3x.png",
				"${TARGET_BUILD_DIR}/${UNLOCALIZED_RESOURCES_FOLDER_PATH}/MRAID.bundle",
			);
			runOnlyForDeploymentPostprocessing = 0;
			shellPath = /bin/sh;
			shellScript = "\"${SRCROOT}/Pods/Target Support Files/Pods-sandbox/Pods-sandbox-resources.sh\"\n";
			showEnvVarsInLog = 0;
		};
		9E04D53EF0FC76C878F93FAF /* [CP] Check Pods Manifest.lock */ = {
			isa = PBXShellScriptBuildPhase;
			buildActionMask = 2147483647;
			files = (
			);
			inputPaths = (
				"${PODS_PODFILE_DIR_PATH}/Podfile.lock",
				"${PODS_ROOT}/Manifest.lock",
			);
			name = "[CP] Check Pods Manifest.lock";
			outputPaths = (
				"$(DERIVED_FILE_DIR)/Pods-sandbox-checkManifestLockResult.txt",
			);
			runOnlyForDeploymentPostprocessing = 0;
			shellPath = /bin/sh;
			shellScript = "diff \"${PODS_PODFILE_DIR_PATH}/Podfile.lock\" \"${PODS_ROOT}/Manifest.lock\" > /dev/null\nif [ $? != 0 ] ; then\n    # print error to STDERR\n    echo \"error: The sandbox is not in sync with the Podfile.lock. Run 'pod install' or update your CocoaPods installation.\" >&2\n    exit 1\nfi\n# This output is used by Xcode 'outputs' to avoid re-running this script phase.\necho \"SUCCESS\" > \"${SCRIPT_OUTPUT_FILE_0}\"\n";
			showEnvVarsInLog = 0;
		};
/* End PBXShellScriptBuildPhase section */

/* Begin PBXSourcesBuildPhase section */
		4B3FFA45212A9BEA005E8AE3 /* Sources */ = {
			isa = PBXSourcesBuildPhase;
			buildActionMask = 2147483647;
			files = (
				4B3FFA61212A9FAA005E8AE3 /* RewardedViewController.swift in Sources */,
				4B3FFA5F212A9F68005E8AE3 /* BannerViewController.swift in Sources */,
				4B3FFA4F212A9BEA005E8AE3 /* NativeViewController.swift in Sources */,
				4B3FFA4D212A9BEA005E8AE3 /* AppDelegate.swift in Sources */,
			);
			runOnlyForDeploymentPostprocessing = 0;
		};
/* End PBXSourcesBuildPhase section */

/* Begin PBXVariantGroup section */
		4B3FFA50212A9BEA005E8AE3 /* Main.storyboard */ = {
			isa = PBXVariantGroup;
			children = (
				4B3FFA51212A9BEA005E8AE3 /* Base */,
			);
			name = Main.storyboard;
			sourceTree = "<group>";
		};
		4B3FFA55212A9BEB005E8AE3 /* LaunchScreen.storyboard */ = {
			isa = PBXVariantGroup;
			children = (
				4B3FFA56212A9BEB005E8AE3 /* Base */,
			);
			name = LaunchScreen.storyboard;
			sourceTree = "<group>";
		};
/* End PBXVariantGroup section */

/* Begin XCBuildConfiguration section */
		4B3FFA59212A9BEB005E8AE3 /* Debug */ = {
			isa = XCBuildConfiguration;
			buildSettings = {
				ALWAYS_SEARCH_USER_PATHS = NO;
				CLANG_ANALYZER_NONNULL = YES;
				CLANG_ANALYZER_NUMBER_OBJECT_CONVERSION = YES_AGGRESSIVE;
				CLANG_CXX_LANGUAGE_STANDARD = "gnu++14";
				CLANG_CXX_LIBRARY = "libc++";
				CLANG_ENABLE_MODULES = YES;
				CLANG_ENABLE_OBJC_ARC = YES;
				CLANG_ENABLE_OBJC_WEAK = YES;
				CLANG_WARN_BLOCK_CAPTURE_AUTORELEASING = YES;
				CLANG_WARN_BOOL_CONVERSION = YES;
				CLANG_WARN_COMMA = YES;
				CLANG_WARN_CONSTANT_CONVERSION = YES;
				CLANG_WARN_DEPRECATED_OBJC_IMPLEMENTATIONS = YES;
				CLANG_WARN_DIRECT_OBJC_ISA_USAGE = YES_ERROR;
				CLANG_WARN_DOCUMENTATION_COMMENTS = YES;
				CLANG_WARN_EMPTY_BODY = YES;
				CLANG_WARN_ENUM_CONVERSION = YES;
				CLANG_WARN_INFINITE_RECURSION = YES;
				CLANG_WARN_INT_CONVERSION = YES;
				CLANG_WARN_NON_LITERAL_NULL_CONVERSION = YES;
				CLANG_WARN_OBJC_IMPLICIT_RETAIN_SELF = YES;
				CLANG_WARN_OBJC_LITERAL_CONVERSION = YES;
				CLANG_WARN_OBJC_ROOT_CLASS = YES_ERROR;
				CLANG_WARN_RANGE_LOOP_ANALYSIS = YES;
				CLANG_WARN_STRICT_PROTOTYPES = YES;
				CLANG_WARN_SUSPICIOUS_MOVE = YES;
				CLANG_WARN_UNGUARDED_AVAILABILITY = YES_AGGRESSIVE;
				CLANG_WARN_UNREACHABLE_CODE = YES;
				CLANG_WARN__DUPLICATE_METHOD_MATCH = YES;
				CODE_SIGN_IDENTITY = "iPhone Developer";
				COPY_PHASE_STRIP = NO;
				DEBUG_INFORMATION_FORMAT = dwarf;
				ENABLE_STRICT_OBJC_MSGSEND = YES;
				ENABLE_TESTABILITY = YES;
				GCC_C_LANGUAGE_STANDARD = gnu11;
				GCC_DYNAMIC_NO_PIC = NO;
				GCC_NO_COMMON_BLOCKS = YES;
				GCC_OPTIMIZATION_LEVEL = 0;
				GCC_PREPROCESSOR_DEFINITIONS = (
					"DEBUG=1",
					"$(inherited)",
				);
				GCC_WARN_64_TO_32_BIT_CONVERSION = YES;
				GCC_WARN_ABOUT_RETURN_TYPE = YES_ERROR;
				GCC_WARN_UNDECLARED_SELECTOR = YES;
				GCC_WARN_UNINITIALIZED_AUTOS = YES_AGGRESSIVE;
				GCC_WARN_UNUSED_FUNCTION = YES;
				GCC_WARN_UNUSED_VARIABLE = YES;
				IPHONEOS_DEPLOYMENT_TARGET = 11.4;
				MTL_ENABLE_DEBUG_INFO = YES;
				ONLY_ACTIVE_ARCH = YES;
				SDKROOT = iphoneos;
				SWIFT_ACTIVE_COMPILATION_CONDITIONS = DEBUG;
				SWIFT_OPTIMIZATION_LEVEL = "-Onone";
			};
			name = Debug;
		};
		4B3FFA5A212A9BEB005E8AE3 /* Release */ = {
			isa = XCBuildConfiguration;
			buildSettings = {
				ALWAYS_SEARCH_USER_PATHS = NO;
				CLANG_ANALYZER_NONNULL = YES;
				CLANG_ANALYZER_NUMBER_OBJECT_CONVERSION = YES_AGGRESSIVE;
				CLANG_CXX_LANGUAGE_STANDARD = "gnu++14";
				CLANG_CXX_LIBRARY = "libc++";
				CLANG_ENABLE_MODULES = YES;
				CLANG_ENABLE_OBJC_ARC = YES;
				CLANG_ENABLE_OBJC_WEAK = YES;
				CLANG_WARN_BLOCK_CAPTURE_AUTORELEASING = YES;
				CLANG_WARN_BOOL_CONVERSION = YES;
				CLANG_WARN_COMMA = YES;
				CLANG_WARN_CONSTANT_CONVERSION = YES;
				CLANG_WARN_DEPRECATED_OBJC_IMPLEMENTATIONS = YES;
				CLANG_WARN_DIRECT_OBJC_ISA_USAGE = YES_ERROR;
				CLANG_WARN_DOCUMENTATION_COMMENTS = YES;
				CLANG_WARN_EMPTY_BODY = YES;
				CLANG_WARN_ENUM_CONVERSION = YES;
				CLANG_WARN_INFINITE_RECURSION = YES;
				CLANG_WARN_INT_CONVERSION = YES;
				CLANG_WARN_NON_LITERAL_NULL_CONVERSION = YES;
				CLANG_WARN_OBJC_IMPLICIT_RETAIN_SELF = YES;
				CLANG_WARN_OBJC_LITERAL_CONVERSION = YES;
				CLANG_WARN_OBJC_ROOT_CLASS = YES_ERROR;
				CLANG_WARN_RANGE_LOOP_ANALYSIS = YES;
				CLANG_WARN_STRICT_PROTOTYPES = YES;
				CLANG_WARN_SUSPICIOUS_MOVE = YES;
				CLANG_WARN_UNGUARDED_AVAILABILITY = YES_AGGRESSIVE;
				CLANG_WARN_UNREACHABLE_CODE = YES;
				CLANG_WARN__DUPLICATE_METHOD_MATCH = YES;
				CODE_SIGN_IDENTITY = "iPhone Developer";
				COPY_PHASE_STRIP = NO;
				DEBUG_INFORMATION_FORMAT = "dwarf-with-dsym";
				ENABLE_NS_ASSERTIONS = NO;
				ENABLE_STRICT_OBJC_MSGSEND = YES;
				GCC_C_LANGUAGE_STANDARD = gnu11;
				GCC_NO_COMMON_BLOCKS = YES;
				GCC_WARN_64_TO_32_BIT_CONVERSION = YES;
				GCC_WARN_ABOUT_RETURN_TYPE = YES_ERROR;
				GCC_WARN_UNDECLARED_SELECTOR = YES;
				GCC_WARN_UNINITIALIZED_AUTOS = YES_AGGRESSIVE;
				GCC_WARN_UNUSED_FUNCTION = YES;
				GCC_WARN_UNUSED_VARIABLE = YES;
				IPHONEOS_DEPLOYMENT_TARGET = 11.4;
				MTL_ENABLE_DEBUG_INFO = NO;
				SDKROOT = iphoneos;
				SWIFT_COMPILATION_MODE = wholemodule;
				SWIFT_OPTIMIZATION_LEVEL = "-O";
				VALIDATE_PRODUCT = YES;
			};
			name = Release;
		};
		4B3FFA5C212A9BEB005E8AE3 /* Debug */ = {
			isa = XCBuildConfiguration;
			baseConfigurationReference = 0D96837C82BFF7BE1962A6FB /* Pods-sandbox.debug.xcconfig */;
			buildSettings = {
				ASSETCATALOG_COMPILER_APPICON_NAME = AppIcon;
				CODE_SIGN_IDENTITY = "iPhone Developer";
				CODE_SIGN_STYLE = Automatic;
				DEVELOPMENT_TEAM = JWYC5RANS6;
				INFOPLIST_FILE = sandbox/Info.plist;
				IPHONEOS_DEPLOYMENT_TARGET = 9.0;
				LD_RUNPATH_SEARCH_PATHS = (
					"$(inherited)",
					"@executable_path/Frameworks",
				);
				PRODUCT_BUNDLE_IDENTIFIER = com.appodeal.sandbox2018;
				PRODUCT_NAME = "$(TARGET_NAME)";
				PROVISIONING_PROFILE_SPECIFIER = "";
				SWIFT_VERSION = 4.0;
				TARGETED_DEVICE_FAMILY = "1,2";
			};
			name = Debug;
		};
		4B3FFA5D212A9BEB005E8AE3 /* Release */ = {
			isa = XCBuildConfiguration;
			baseConfigurationReference = DF190A3C88AE0D679BE6AEA6 /* Pods-sandbox.release.xcconfig */;
			buildSettings = {
				ASSETCATALOG_COMPILER_APPICON_NAME = AppIcon;
				CODE_SIGN_IDENTITY = "iPhone Developer";
				CODE_SIGN_STYLE = Automatic;
				DEVELOPMENT_TEAM = JWYC5RANS6;
				INFOPLIST_FILE = sandbox/Info.plist;
				IPHONEOS_DEPLOYMENT_TARGET = 9.0;
				LD_RUNPATH_SEARCH_PATHS = (
					"$(inherited)",
					"@executable_path/Frameworks",
				);
				PRODUCT_BUNDLE_IDENTIFIER = com.appodeal.sandbox2018;
				PRODUCT_NAME = "$(TARGET_NAME)";
				PROVISIONING_PROFILE_SPECIFIER = "";
				SWIFT_VERSION = 4.0;
				TARGETED_DEVICE_FAMILY = "1,2";
			};
			name = Release;
		};
/* End XCBuildConfiguration section */

/* Begin XCConfigurationList section */
		4B3FFA44212A9BEA005E8AE3 /* Build configuration list for PBXProject "sandbox" */ = {
			isa = XCConfigurationList;
			buildConfigurations = (
				4B3FFA59212A9BEB005E8AE3 /* Debug */,
				4B3FFA5A212A9BEB005E8AE3 /* Release */,
			);
			defaultConfigurationIsVisible = 0;
			defaultConfigurationName = Release;
		};
		4B3FFA5B212A9BEB005E8AE3 /* Build configuration list for PBXNativeTarget "sandbox" */ = {
			isa = XCConfigurationList;
			buildConfigurations = (
				4B3FFA5C212A9BEB005E8AE3 /* Debug */,
				4B3FFA5D212A9BEB005E8AE3 /* Release */,
			);
			defaultConfigurationIsVisible = 0;
			defaultConfigurationName = Release;
		};
/* End XCConfigurationList section */
	};
	rootObject = 4B3FFA41212A9BEA005E8AE3 /* Project object */;
}
